
Microsoft Visual Studio Solution File, Format Version 12.00
# Visual Studio Version 17
VisualStudioVersion = 17.10.35013.160
MinimumVisualStudioVersion = 10.0.40219.1
Project("{FAE04EC0-301F-11D3-BF4B-00C04F79EFBC}") = "MyFirstWebApplication", "MyFirstWebApplication\MyFirstWebApplication.csproj", "{EFA00A34-329C-4131-A0D7-5F59EBEB2CE7}"
EndProject
Global
	GlobalSection(SolutionConfigurationPlatforms) = preSolution
		Debug|Any CPU = Debug|Any CPU
		Release|Any CPU = Release|Any CPU
	EndGlobalSection
	GlobalSection(ProjectConfigurationPlatforms) = postSolution
		{EFA00A34-329C-4131-A0D7-5F59EBEB2CE7}.Debug|Any CPU.ActiveCfg = Debug|Any CPU
		{EFA00A34-329C-4131-A0D7-5F59EBEB2CE7}.Debug|Any CPU.Build.0 = Debug|Any CPU
		{EFA00A34-329C-4131-A0D7-5F59EBEB2CE7}.Release|Any CPU.ActiveCfg = Release|Any CPU
		{EFA00A34-329C-4131-A0D7-5F59EBEB2CE7}.Release|Any CPU.Build.0 = Release|Any CPU
	EndGlobalSection
	GlobalSection(SolutionProperties) = preSolution
		HideSolutionNode = FALSE
	EndGlobalSection
	GlobalSection(ExtensibilityGlobals) = postSolution
		SolutionGuid = {23E83C44-E63A-4F97-BCAF-923500EA7C82}
	EndGlobalSection
EndGlobal
